
Microsoft Visual Studio Solution File, Format Version 12.00
# Visual Studio Version 17
VisualStudioVersion = 17.14.37203.1 d17.14
MinimumVisualStudioVersion = 10.0.40219.1
Project("{FAE04EC0-301F-11D3-BF4B-00C04F79EFBC}") = "MangsIpulAsli", "MangsIpulAsli.csproj", "{BE532A39-9D45-49BF-B747-0AB3AF4F9AAA}"
EndProject
Global
	GlobalSection(SolutionConfigurationPlatforms) = preSolution
		Debug|Any CPU = Debug|Any CPU
		Release|Any CPU = Release|Any CPU
	EndGlobalSection
	GlobalSection(ProjectConfigurationPlatforms) = postSolution
		{BE532A39-9D45-49BF-B747-0AB3AF4F9AAA}.Debug|Any CPU.ActiveCfg = Debug|Any CPU
		{BE532A39-9D45-49BF-B747-0AB3AF4F9AAA}.Debug|Any CPU.Build.0 = Debug|Any CPU
		{BE532A39-9D45-49BF-B747-0AB3AF4F9AAA}.Release|Any CPU.ActiveCfg = Release|Any CPU
		{BE532A39-9D45-49BF-B747-0AB3AF4F9AAA}.Release|Any CPU.Build.0 = Release|Any CPU
	EndGlobalSection
	GlobalSection(SolutionProperties) = preSolution
		HideSolutionNode = FALSE
	EndGlobalSection
	GlobalSection(ExtensibilityGlobals) = postSolution
		SolutionGuid = {E530409A-ECB8-4EBB-92BF-9B566EAD5E5E}
	EndGlobalSection
EndGlobal
